PODS:
  - CBitcoin (0.2.0)
  - WolfPipe (1.0.7)

DEPENDENCIES:
  - CBitcoin (from `../`)
  - WolfPipe

SPEC REPOS:
  https://github.com/cocoapods/specs.git:
    - WolfPipe

EXTERNAL SOURCES:
  CBitcoin:
    :path: "../"

SPEC CHECKSUMS:
  CBitcoin: 98a39468318b93d1d61be767d321eb7cab0128a3
  WolfPipe: 1a2cbb23efb14833647a2adcc034468bf82a289e

PODFILE CHECKSUM: 782562ce09173240e493450b5e9e091bf051c140

COCOAPODS: 1.6.0.beta.2
