PODS:
  - CBitcoin (0.1.0)
  - WolfPipe (1.0.7)

DEPENDENCIES:
  - CBitcoin (from `../`)
  - WolfPipe

SPEC REPOS:
  https://github.com/cocoapods/specs.git:
    - WolfPipe

EXTERNAL SOURCES:
  CBitcoin:
    :path: "../"

SPEC CHECKSUMS:
  CBitcoin: e7764dc7e4f33d028055c8c84375aa90b3318704
  WolfPipe: 1a2cbb23efb14833647a2adcc034468bf82a289e

PODFILE CHECKSUM: 782562ce09173240e493450b5e9e091bf051c140

COCOAPODS: 1.6.0.beta.2
